// !$*UTF8*$!
{
	archiveVersion = 1;
	classes = {
	};
	objectVersion = 55;
	objects = {

/* Begin PBXBuildFile section */
		3F38108E27317F5B00F77CB1 /* DetailController.swift in Sources */ = {isa = PBXBuildFile; fileRef = 3F38108D27317F5B00F77CB1 /* DetailController.swift */; };
		3F381091273C03D400F77CB1 /* Protocols.swift in Sources */ = {isa = PBXBuildFile; fileRef = 3F381090273C03D400F77CB1 /* Protocols.swift */; };
		3F381093273C042A00F77CB1 /* DetailsViewModel.swift in Sources */ = {isa = PBXBuildFile; fileRef = 3F381092273C042A00F77CB1 /* DetailsViewModel.swift */; };
		3F5EC2292726B8990094E755 /* ForecastWeatherModel.swift in Sources */ = {isa = PBXBuildFile; fileRef = 3F5EC2282726B8990094E755 /* ForecastWeatherModel.swift */; };
		3F729DE42722D489001BC5ED /* AppDelegate.swift in Sources */ = {isa = PBXBuildFile; fileRef = 3F729DE32722D489001BC5ED /* AppDelegate.swift */; };
		3F729DE62722D489001BC5ED /* SceneDelegate.swift in Sources */ = {isa = PBXBuildFile; fileRef = 3F729DE52722D489001BC5ED /* SceneDelegate.swift */; };
		3F729DED2722D48A001BC5ED /* Assets.xcassets in Resources */ = {isa = PBXBuildFile; fileRef = 3F729DEC2722D48A001BC5ED /* Assets.xcassets */; };
		3F729DF02722D48A001BC5ED /* LaunchScreen.storyboard in Resources */ = {isa = PBXBuildFile; fileRef = 3F729DEE2722D48A001BC5ED /* LaunchScreen.storyboard */; };
		3F729DF82722D61B001BC5ED /* Extensions.swift in Sources */ = {isa = PBXBuildFile; fileRef = 3F729DF72722D61B001BC5ED /* Extensions.swift */; };
		3F729DFF2722D943001BC5ED /* MainController.swift in Sources */ = {isa = PBXBuildFile; fileRef = 3F729DFE2722D943001BC5ED /* MainController.swift */; };
		3F729E022722DB2D001BC5ED /* WeatherService.swift in Sources */ = {isa = PBXBuildFile; fileRef = 3F729E012722DB2D001BC5ED /* WeatherService.swift */; };
		3F729E042722DDE9001BC5ED /* CurrentWeatherModel.swift in Sources */ = {isa = PBXBuildFile; fileRef = 3F729E032722DDE9001BC5ED /* CurrentWeatherModel.swift */; };
		3F729E062722EB77001BC5ED /* MainViewModel.swift in Sources */ = {isa = PBXBuildFile; fileRef = 3F729E052722EB77001BC5ED /* MainViewModel.swift */; };
/* End PBXBuildFile section */

/* Begin PBXFileReference section */
		3F38108D27317F5B00F77CB1 /* DetailController.swift */ = {isa = PBXFileReference; lastKnownFileType = sourcecode.swift; path = DetailController.swift; sourceTree = "<group>"; };
		3F381090273C03D400F77CB1 /* Protocols.swift */ = {isa = PBXFileReference; lastKnownFileType = sourcecode.swift; path = Protocols.swift; sourceTree = "<group>"; };
		3F381092273C042A00F77CB1 /* DetailsViewModel.swift */ = {isa = PBXFileReference; lastKnownFileType = sourcecode.swift; path = DetailsViewModel.swift; sourceTree = "<group>"; };
		3F5EC2282726B8990094E755 /* ForecastWeatherModel.swift */ = {isa = PBXFileReference; lastKnownFileType = sourcecode.swift; path = ForecastWeatherModel.swift; sourceTree = "<group>"; };
		3F729DE02722D489001BC5ED /* weather_playground.app */ = {isa = PBXFileReference; explicitFileType = wrapper.application; includeInIndex = 0; path = weather_playground.app; sourceTree = BUILT_PRODUCTS_DIR; };
		3F729DE32722D489001BC5ED /* AppDelegate.swift */ = {isa = PBXFileReference; lastKnownFileType = sourcecode.swift; path = AppDelegate.swift; sourceTree = "<group>"; };
		3F729DE52722D489001BC5ED /* SceneDelegate.swift */ = {isa = PBXFileReference; lastKnownFileType = sourcecode.swift; path = SceneDelegate.swift; sourceTree = "<group>"; };
		3F729DEC2722D48A001BC5ED /* Assets.xcassets */ = {isa = PBXFileReference; lastKnownFileType = folder.assetcatalog; path = Assets.xcassets; sourceTree = "<group>"; };
		3F729DEF2722D48A001BC5ED /* Base */ = {isa = PBXFileReference; lastKnownFileType = file.storyboard; name = Base; path = Base.lproj/LaunchScreen.storyboard; sourceTree = "<group>"; };
		3F729DF12722D48A001BC5ED /* Info.plist */ = {isa = PBXFileReference; lastKnownFileType = text.plist.xml; path = Info.plist; sourceTree = "<group>"; };
		3F729DF72722D61B001BC5ED /* Extensions.swift */ = {isa = PBXFileReference; lastKnownFileType = sourcecode.swift; path = Extensions.swift; sourceTree = "<group>"; };
		3F729DFE2722D943001BC5ED /* MainController.swift */ = {isa = PBXFileReference; lastKnownFileType = sourcecode.swift; path = MainController.swift; sourceTree = "<group>"; };
		3F729E012722DB2D001BC5ED /* WeatherService.swift */ = {isa = PBXFileReference; lastKnownFileType = sourcecode.swift; path = WeatherService.swift; sourceTree = "<group>"; };
		3F729E032722DDE9001BC5ED /* CurrentWeatherModel.swift */ = {isa = PBXFileReference; lastKnownFileType = sourcecode.swift; path = CurrentWeatherModel.swift; sourceTree = "<group>"; };
		3F729E052722EB77001BC5ED /* MainViewModel.swift */ = {isa = PBXFileReference; lastKnownFileType = sourcecode.swift; path = MainViewModel.swift; sourceTree = "<group>"; };
/* End PBXFileReference section */

/* Begin PBXFrameworksBuildPhase section */
		3F729DDD2722D489001BC5ED /* Frameworks */ = {
			isa = PBXFrameworksBuildPhase;
			buildActionMask = 2147483647;
			files = (
			);
			runOnlyForDeploymentPostprocessing = 0;
		};
/* End PBXFrameworksBuildPhase section */

/* Begin PBXGroup section */
		3F38108C2729C31600F77CB1 /* Networking */ = {
			isa = PBXGroup;
			children = (
				3F729E012722DB2D001BC5ED /* WeatherService.swift */,
			);
			path = Networking;
			sourceTree = "<group>";
		};
		3F38108F273C03A200F77CB1 /* Protocols */ = {
			isa = PBXGroup;
			children = (
				3F381090273C03D400F77CB1 /* Protocols.swift */,
			);
			path = Protocols;
			sourceTree = "<group>";
		};
		3F729DD72722D489001BC5ED = {
			isa = PBXGroup;
			children = (
				3F729DE22722D489001BC5ED /* weather_playground */,
				3F729DE12722D489001BC5ED /* Products */,
			);
			sourceTree = "<group>";
		};
		3F729DE12722D489001BC5ED /* Products */ = {
			isa = PBXGroup;
			children = (
				3F729DE02722D489001BC5ED /* weather_playground.app */,
			);
			name = Products;
			sourceTree = "<group>";
		};
		3F729DE22722D489001BC5ED /* weather_playground */ = {
			isa = PBXGroup;
			children = (
				3F729DFD2722D8AC001BC5ED /* Utilities */,
				3F38108C2729C31600F77CB1 /* Networking */,
				3F38108F273C03A200F77CB1 /* Protocols */,
				3F729DFC2722D879001BC5ED /* Model */,
				3F729DFB2722D86F001BC5ED /* ViewModel */,
				3F729DFA2722D856001BC5ED /* View */,
				3F729DF92722D849001BC5ED /* System */,
				3F729DEC2722D48A001BC5ED /* Assets.xcassets */,
				3F729DEE2722D48A001BC5ED /* LaunchScreen.storyboard */,
				3F729DF12722D48A001BC5ED /* Info.plist */,
			);
			path = weather_playground;
			sourceTree = "<group>";
		};
		3F729DF92722D849001BC5ED /* System */ = {
			isa = PBXGroup;
			children = (
				3F729DE32722D489001BC5ED /* AppDelegate.swift */,
				3F729DE52722D489001BC5ED /* SceneDelegate.swift */,
			);
			path = System;
			sourceTree = "<group>";
		};
		3F729DFA2722D856001BC5ED /* View */ = {
			isa = PBXGroup;
			children = (
				3F729DFE2722D943001BC5ED /* MainController.swift */,
				3F38108D27317F5B00F77CB1 /* DetailController.swift */,
			);
			path = View;
			sourceTree = "<group>";
		};
		3F729DFB2722D86F001BC5ED /* ViewModel */ = {
			isa = PBXGroup;
			children = (
				3F729E052722EB77001BC5ED /* MainViewModel.swift */,
				3F381092273C042A00F77CB1 /* DetailsViewModel.swift */,
			);
			path = ViewModel;
			sourceTree = "<group>";
		};
		3F729DFC2722D879001BC5ED /* Model */ = {
			isa = PBXGroup;
			children = (
				3F729E032722DDE9001BC5ED /* CurrentWeatherModel.swift */,
				3F5EC2282726B8990094E755 /* ForecastWeatherModel.swift */,
			);
			path = Model;
			sourceTree = "<group>";
		};
		3F729DFD2722D8AC001BC5ED /* Utilities */ = {
			isa = PBXGroup;
			children = (
				3F729DF72722D61B001BC5ED /* Extensions.swift */,
			);
			path = Utilities;
			sourceTree = "<group>";
		};
/* End PBXGroup section */

/* Begin PBXNativeTarget section */
		3F729DDF2722D489001BC5ED /* weather_playground */ = {
			isa = PBXNativeTarget;
			buildConfigurationList = 3F729DF42722D48A001BC5ED /* Build configuration list for PBXNativeTarget "weather_playground" */;
			buildPhases = (
				3F729DDC2722D489001BC5ED /* Sources */,
				3F729DDD2722D489001BC5ED /* Frameworks */,
				3F729DDE2722D489001BC5ED /* Resources */,
			);
			buildRules = (
			);
			dependencies = (
			);
			name = weather_playground;
			productName = weather_playground;
			productReference = 3F729DE02722D489001BC5ED /* weather_playground.app */;
			productType = "com.apple.product-type.application";
		};
/* End PBXNativeTarget section */

/* Begin PBXProject section */
		3F729DD82722D489001BC5ED /* Project object */ = {
			isa = PBXProject;
			attributes = {
				BuildIndependentTargetsInParallel = 1;
				LastSwiftUpdateCheck = 1300;
				LastUpgradeCheck = 1300;
				TargetAttributes = {
					3F729DDF2722D489001BC5ED = {
						CreatedOnToolsVersion = 13.0;
					};
				};
			};
			buildConfigurationList = 3F729DDB2722D489001BC5ED /* Build configuration list for PBXProject "weather_playground" */;
			compatibilityVersion = "Xcode 13.0";
			developmentRegion = en;
			hasScannedForEncodings = 0;
			knownRegions = (
				en,
				Base,
			);
			mainGroup = 3F729DD72722D489001BC5ED;
			productRefGroup = 3F729DE12722D489001BC5ED /* Products */;
			projectDirPath = "";
			projectRoot = "";
			targets = (
				3F729DDF2722D489001BC5ED /* weather_playground */,
			);
		};
/* End PBXProject section */

/* Begin PBXResourcesBuildPhase section */
		3F729DDE2722D489001BC5ED /* Resources */ = {
			isa = PBXResourcesBuildPhase;
			buildActionMask = 2147483647;
			files = (
				3F729DF02722D48A001BC5ED /* LaunchScreen.storyboard in Resources */,
				3F729DED2722D48A001BC5ED /* Assets.xcassets in Resources */,
			);
			runOnlyForDeploymentPostprocessing = 0;
		};
/* End PBXResourcesBuildPhase section */

/* Begin PBXSourcesBuildPhase section */
		3F729DDC2722D489001BC5ED /* Sources */ = {
			isa = PBXSourcesBuildPhase;
			buildActionMask = 2147483647;
			files = (
				3F381093273C042A00F77CB1 /* DetailsViewModel.swift in Sources */,
				3F729E062722EB77001BC5ED /* MainViewModel.swift in Sources */,
				3F729E022722DB2D001BC5ED /* WeatherService.swift in Sources */,
				3F729DE42722D489001BC5ED /* AppDelegate.swift in Sources */,
				3F729DE62722D489001BC5ED /* SceneDelegate.swift in Sources */,
				3F729DF82722D61B001BC5ED /* Extensions.swift in Sources */,
				3F381091273C03D400F77CB1 /* Protocols.swift in Sources */,
				3F5EC2292726B8990094E755 /* ForecastWeatherModel.swift in Sources */,
				3F729E042722DDE9001BC5ED /* CurrentWeatherModel.swift in Sources */,
				3F38108E27317F5B00F77CB1 /* DetailController.swift in Sources */,
				3F729DFF2722D943001BC5ED /* MainController.swift in Sources */,
			);
			runOnlyForDeploymentPostprocessing = 0;
		};
/* End PBXSourcesBuildPhase section */

/* Begin PBXVariantGroup section */
		3F729DEE2722D48A001BC5ED /* LaunchScreen.storyboard */ = {
			isa = PBXVariantGroup;
			children = (
				3F729DEF2722D48A001BC5ED /* Base */,
			);
			name = LaunchScreen.storyboard;
			sourceTree = "<group>";
		};
/* End PBXVariantGroup section */

/* Begin XCBuildConfiguration section */
		3F729DF22722D48A001BC5ED /* Debug */ = {
			isa = XCBuildConfiguration;
			buildSettings = {
				ALWAYS_SEARCH_USER_PATHS = NO;
				CLANG_ANALYZER_NONNULL = YES;
				CLANG_ANALYZER_NUMBER_OBJECT_CONVERSION = YES_AGGRESSIVE;
				CLANG_CXX_LANGUAGE_STANDARD = "gnu++17";
				CLANG_CXX_LIBRARY = "libc++";
				CLANG_ENABLE_MODULES = YES;
				CLANG_ENABLE_OBJC_ARC = YES;
				CLANG_ENABLE_OBJC_WEAK = YES;
				CLANG_WARN_BLOCK_CAPTURE_AUTORELEASING = YES;
				CLANG_WARN_BOOL_CONVERSION = YES;
				CLANG_WARN_COMMA = YES;
				CLANG_WARN_CONSTANT_CONVERSION = YES;
				CLANG_WARN_DEPRECATED_OBJC_IMPLEMENTATIONS = YES;
				CLANG_WARN_DIRECT_OBJC_ISA_USAGE = YES_ERROR;
				CLANG_WARN_DOCUMENTATION_COMMENTS = YES;
				CLANG_WARN_EMPTY_BODY = YES;
				CLANG_WARN_ENUM_CONVERSION = YES;
				CLANG_WARN_INFINITE_RECURSION = YES;
				CLANG_WARN_INT_CONVERSION = YES;
				CLANG_WARN_NON_LITERAL_NULL_CONVERSION = YES;
				CLANG_WARN_OBJC_IMPLICIT_RETAIN_SELF = YES;
				CLANG_WARN_OBJC_LITERAL_CONVERSION = YES;
				CLANG_WARN_OBJC_ROOT_CLASS = YES_ERROR;
				CLANG_WARN_QUOTED_INCLUDE_IN_FRAMEWORK_HEADER = YES;
				CLANG_WARN_RANGE_LOOP_ANALYSIS = YES;
				CLANG_WARN_STRICT_PROTOTYPES = YES;
				CLANG_WARN_SUSPICIOUS_MOVE = YES;
				CLANG_WARN_UNGUARDED_AVAILABILITY = YES_AGGRESSIVE;
				CLANG_WARN_UNREACHABLE_CODE = YES;
				CLANG_WARN__DUPLICATE_METHOD_MATCH = YES;
				COPY_PHASE_STRIP = NO;
				DEBUG_INFORMATION_FORMAT = dwarf;
				ENABLE_STRICT_OBJC_MSGSEND = YES;
				ENABLE_TESTABILITY = YES;
				GCC_C_LANGUAGE_STANDARD = gnu11;
				GCC_DYNAMIC_NO_PIC = NO;
				GCC_NO_COMMON_BLOCKS = YES;
				GCC_OPTIMIZATION_LEVEL = 0;
				GCC_PREPROCESSOR_DEFINITIONS = (
					"DEBUG=1",
					"$(inherited)",
				);
				GCC_WARN_64_TO_32_BIT_CONVERSION = YES;
				GCC_WARN_ABOUT_RETURN_TYPE = YES_ERROR;
				GCC_WARN_UNDECLARED_SELECTOR = YES;
				GCC_WARN_UNINITIALIZED_AUTOS = YES_AGGRESSIVE;
				GCC_WARN_UNUSED_FUNCTION = YES;
				GCC_WARN_UNUSED_VARIABLE = YES;
				IPHONEOS_DEPLOYMENT_TARGET = 15.0;
				MTL_ENABLE_DEBUG_INFO = INCLUDE_SOURCE;
				MTL_FAST_MATH = YES;
				ONLY_ACTIVE_ARCH = YES;
				SDKROOT = iphoneos;
				SWIFT_ACTIVE_COMPILATION_CONDITIONS = DEBUG;
				SWIFT_OPTIMIZATION_LEVEL = "-Onone";
			};
			name = Debug;
		};
		3F729DF32722D48A001BC5ED /* Release */ = {
			isa = XCBuildConfiguration;
			buildSettings = {
				ALWAYS_SEARCH_USER_PATHS = NO;
				CLANG_ANALYZER_NONNULL = YES;
				CLANG_ANALYZER_NUMBER_OBJECT_CONVERSION = YES_AGGRESSIVE;
				CLANG_CXX_LANGUAGE_STANDARD = "gnu++17";
				CLANG_CXX_LIBRARY = "libc++";
				CLANG_ENABLE_MODULES = YES;
				CLANG_ENABLE_OBJC_ARC = YES;
				CLANG_ENABLE_OBJC_WEAK = YES;
				CLANG_WARN_BLOCK_CAPTURE_AUTORELEASING = YES;
				CLANG_WARN_BOOL_CONVERSION = YES;
				CLANG_WARN_COMMA = YES;
				CLANG_WARN_CONSTANT_CONVERSION = YES;
				CLANG_WARN_DEPRECATED_OBJC_IMPLEMENTATIONS = YES;
				CLANG_WARN_DIRECT_OBJC_ISA_USAGE = YES_ERROR;
				CLANG_WARN_DOCUMENTATION_COMMENTS = YES;
				CLANG_WARN_EMPTY_BODY = YES;
				CLANG_WARN_ENUM_CONVERSION = YES;
				CLANG_WARN_INFINITE_RECURSION = YES;
				CLANG_WARN_INT_CONVERSION = YES;
				CLANG_WARN_NON_LITERAL_NULL_CONVERSION = YES;
				CLANG_WARN_OBJC_IMPLICIT_RETAIN_SELF = YES;
				CLANG_WARN_OBJC_LITERAL_CONVERSION = YES;
				CLANG_WARN_OBJC_ROOT_CLASS = YES_ERROR;
				CLANG_WARN_QUOTED_INCLUDE_IN_FRAMEWORK_HEADER = YES;
				CLANG_WARN_RANGE_LOOP_ANALYSIS = YES;
				CLANG_WARN_STRICT_PROTOTYPES = YES;
				CLANG_WARN_SUSPICIOUS_MOVE = YES;
				CLANG_WARN_UNGUARDED_AVAILABILITY = YES_AGGRESSIVE;
				CLANG_WARN_UNREACHABLE_CODE = YES;
				CLANG_WARN__DUPLICATE_METHOD_MATCH = YES;
				COPY_PHASE_STRIP = NO;
				DEBUG_INFORMATION_FORMAT = "dwarf-with-dsym";
				ENABLE_NS_ASSERTIONS = NO;
				ENABLE_STRICT_OBJC_MSGSEND = YES;
				GCC_C_LANGUAGE_STANDARD = gnu11;
				GCC_NO_COMMON_BLOCKS = YES;
				GCC_WARN_64_TO_32_BIT_CONVERSION = YES;
				GCC_WARN_ABOUT_RETURN_TYPE = YES_ERROR;
				GCC_WARN_UNDECLARED_SELECTOR = YES;
				GCC_WARN_UNINITIALIZED_AUTOS = YES_AGGRESSIVE;
				GCC_WARN_UNUSED_FUNCTION = YES;
				GCC_WARN_UNUSED_VARIABLE = YES;
				IPHONEOS_DEPLOYMENT_TARGET = 15.0;
				MTL_ENABLE_DEBUG_INFO = NO;
				MTL_FAST_MATH = YES;
				SDKROOT = iphoneos;
				SWIFT_COMPILATION_MODE = wholemodule;
				SWIFT_OPTIMIZATION_LEVEL = "-O";
				VALIDATE_PRODUCT = YES;
			};
			name = Release;
		};
		3F729DF52722D48A001BC5ED /* Debug */ = {
			isa = XCBuildConfiguration;
			buildSettings = {
				ASSETCATALOG_COMPILER_APPICON_NAME = AppIcon;
				ASSETCATALOG_COMPILER_GLOBAL_ACCENT_COLOR_NAME = AccentColor;
				CODE_SIGN_STYLE = Automatic;
				CURRENT_PROJECT_VERSION = 1;
				DEVELOPMENT_TEAM = 834C9GJ66P;
				GENERATE_INFOPLIST_FILE = YES;
				INFOPLIST_FILE = weather_playground/Info.plist;
				INFOPLIST_KEY_UIApplicationSupportsIndirectInputEvents = YES;
				INFOPLIST_KEY_UILaunchStoryboardName = LaunchScreen;
				INFOPLIST_KEY_UISupportedInterfaceOrientations_iPad = "UIInterfaceOrientationPortrait UIInterfaceOrientationPortraitUpsideDown UIInterfaceOrientationLandscapeLeft UIInterfaceOrientationLandscapeRight";
				INFOPLIST_KEY_UISupportedInterfaceOrientations_iPhone = "UIInterfaceOrientationPortrait UIInterfaceOrientationLandscapeLeft UIInterfaceOrientationLandscapeRight";
				IPHONEOS_DEPLOYMENT_TARGET = 13.0;
				LD_RUNPATH_SEARCH_PATHS = (
					"$(inherited)",
					"@executable_path/Frameworks",
				);
				MARKETING_VERSION = 1.0;
				PRODUCT_BUNDLE_IDENTIFIER = "ozan.weather-playground";
				PRODUCT_NAME = "$(TARGET_NAME)";
				SWIFT_EMIT_LOC_STRINGS = YES;
				SWIFT_VERSION = 5.0;
				TARGETED_DEVICE_FAMILY = 1;
			};
			name = Debug;
		};
		3F729DF62722D48A001BC5ED /* Release */ = {
			isa = XCBuildConfiguration;
			buildSettings = {
				ASSETCATALOG_COMPILER_APPICON_NAME = AppIcon;
				ASSETCATALOG_COMPILER_GLOBAL_ACCENT_COLOR_NAME = AccentColor;
				CODE_SIGN_STYLE = Automatic;
				CURRENT_PROJECT_VERSION = 1;
				DEVELOPMENT_TEAM = 834C9GJ66P;
				GENERATE_INFOPLIST_FILE = YES;
				INFOPLIST_FILE = weather_playground/Info.plist;
				INFOPLIST_KEY_UIApplicationSupportsIndirectInputEvents = YES;
				INFOPLIST_KEY_UILaunchStoryboardName = LaunchScreen;
				INFOPLIST_KEY_UISupportedInterfaceOrientations_iPad = "UIInterfaceOrientationPortrait UIInterfaceOrientationPortraitUpsideDown UIInterfaceOrientationLandscapeLeft UIInterfaceOrientationLandscapeRight";
				INFOPLIST_KEY_UISupportedInterfaceOrientations_iPhone = "UIInterfaceOrientationPortrait UIInterfaceOrientationLandscapeLeft UIInterfaceOrientationLandscapeRight";
				IPHONEOS_DEPLOYMENT_TARGET = 13.0;
				LD_RUNPATH_SEARCH_PATHS = (
					"$(inherited)",
					"@executable_path/Frameworks",
				);
				MARKETING_VERSION = 1.0;
				PRODUCT_BUNDLE_IDENTIFIER = "ozan.weather-playground";
				PRODUCT_NAME = "$(TARGET_NAME)";
				SWIFT_EMIT_LOC_STRINGS = YES;
				SWIFT_VERSION = 5.0;
				TARGETED_DEVICE_FAMILY = 1;
			};
			name = Release;
		};
/* End XCBuildConfiguration section */

/* Begin XCConfigurationList section */
		3F729DDB2722D489001BC5ED /* Build configuration list for PBXProject "weather_playground" */ = {
			isa = XCConfigurationList;
			buildConfigurations = (
				3F729DF22722D48A001BC5ED /* Debug */,
				3F729DF32722D48A001BC5ED /* Release */,
			);
			defaultConfigurationIsVisible = 0;
			defaultConfigurationName = Release;
		};
		3F729DF42722D48A001BC5ED /* Build configuration list for PBXNativeTarget "weather_playground" */ = {
			isa = XCConfigurationList;
			buildConfigurations = (
				3F729DF52722D48A001BC5ED /* Debug */,
				3F729DF62722D48A001BC5ED /* Release */,
			);
			defaultConfigurationIsVisible = 0;
			defaultConfigurationName = Release;
		};
/* End XCConfigurationList section */
	};
	rootObject = 3F729DD82722D489001BC5ED /* Project object */;
}
